
Microsoft Visual Studio Solution File, Format Version 12.00
# Visual Studio Version 16
VisualStudioVersion = 16.0.28803.352
MinimumVisualStudioVersion = 10.0.40219.1
Project("{F184B08F-C81C-45F6-A57F-5ABD9991F28F}") = "WalletManager", "WalletManager.vbproj", "{36368187-B702-40F3-8967-74F01DBFE766}"
EndProject
Global
	GlobalSection(SolutionConfigurationPlatforms) = preSolution
		Debug|Any CPU = Debug|Any CPU
		Release|Any CPU = Release|Any CPU
	EndGlobalSection
	GlobalSection(ProjectConfigurationPlatforms) = postSolution
		{36368187-B702-40F3-8967-74F01DBFE766}.Debug|Any CPU.ActiveCfg = Debug|Any CPU
		{36368187-B702-40F3-8967-74F01DBFE766}.Debug|Any CPU.Build.0 = Debug|Any CPU
		{36368187-B702-40F3-8967-74F01DBFE766}.Release|Any CPU.ActiveCfg = Release|Any CPU
		{36368187-B702-40F3-8967-74F01DBFE766}.Release|Any CPU.Build.0 = Release|Any CPU
	EndGlobalSection
	GlobalSection(SolutionProperties) = preSolution
		HideSolutionNode = FALSE
	EndGlobalSection
	GlobalSection(ExtensibilityGlobals) = postSolution
		SolutionGuid = {54CF1225-0BEC-46BD-8803-CCF8FFEB5071}
	EndGlobalSection
EndGlobal
